
Microsoft Visual Studio Solution File, Format Version 12.00
# Visual Studio Version 17
VisualStudioVersion = 17.14.37012.4 d17.14
MinimumVisualStudioVersion = 10.0.40219.1
Project("{FAE04EC0-301F-11D3-BF4B-00C04F79EFBC}") = "github-activity", "github-activity\github-activity.csproj", "{D1FFE3A2-791E-4A01-A8E8-24D5ADE2776D}"
EndProject
Global
	GlobalSection(SolutionConfigurationPlatforms) = preSolution
		Debug|Any CPU = Debug|Any CPU
		Release|Any CPU = Release|Any CPU
	EndGlobalSection
	GlobalSection(ProjectConfigurationPlatforms) = postSolution
		{D1FFE3A2-791E-4A01-A8E8-24D5ADE2776D}.Debug|Any CPU.ActiveCfg = Debug|Any CPU
		{D1FFE3A2-791E-4A01-A8E8-24D5ADE2776D}.Debug|Any CPU.Build.0 = Debug|Any CPU
		{D1FFE3A2-791E-4A01-A8E8-24D5ADE2776D}.Release|Any CPU.ActiveCfg = Release|Any CPU
		{D1FFE3A2-791E-4A01-A8E8-24D5ADE2776D}.Release|Any CPU.Build.0 = Release|Any CPU
	EndGlobalSection
	GlobalSection(SolutionProperties) = preSolution
		HideSolutionNode = FALSE
	EndGlobalSection
	GlobalSection(ExtensibilityGlobals) = postSolution
		SolutionGuid = {A3DD6997-28E9-40AF-B39A-45594768CD4F}
	EndGlobalSection
EndGlobal
